Microsoft Visual Studio Solution File, Format Version 11.00
# Visual Studio 2010
Project("{2150E333-8FDC-42A3-9474-1A3956D46DE8}") = "Solution Items", "Solution Items", "{C806642B-52D0-44DA-A99F-9F8B53EC874A}"
	ProjectSection(SolutionItems) = preProject
		developer.testrunconfig = developer.testrunconfig
		sensenet.testrunconfig = sensenet.testrunconfig
		sensenet.vsmdi = sensenet.vsmdi
	EndProjectSection
EndProject
Project("{2150E333-8FDC-42A3-9474-1A3956D46DE8}") = "Tools", "Tools", "{875EF569-4684-473D-A2D4-A35B20B4A07C}"
EndProject
Project("{FAE04EC0-301F-11D3-BF4B-00C04F79EFBC}") = "EventLogCreator", "Tools\EventLogCreator\EventLogCreator.csproj", "{CDA65354-ACB5-42DD-9FD2-65058D2B4886}"
EndProject
Project("{FAE04EC0-301F-11D3-BF4B-00C04F79EFBC}") = "Import", "Tools\Import\Import.csproj", "{D3130F5E-1758-4459-A418-F84507594771}"
EndProject
Project("{FAE04EC0-301F-11D3-BF4B-00C04F79EFBC}") = "Export", "Tools\Export\Export.csproj", "{03B9D157-A3A3-4264-B8C0-AF5DA750D779}"
EndProject
Project("{FAE04EC0-301F-11D3-BF4B-00C04F79EFBC}") = "ClusterMessageConsole", "Tools\ClusterMessageConsole\ClusterMessageConsole.csproj", "{38BCA11F-5E29-4FC3-A100-7005D20FBF42}"
EndProject
Project("{FAE04EC0-301F-11D3-BF4B-00C04F79EFBC}") = "PortletAdmin", "Tools\PortletAdmin\PortletAdmin.csproj", "{370531F6-AA7F-4794-92CD-0CD66A22B89A}"
EndProject
Project("{FAE04EC0-301F-11D3-BF4B-00C04F79EFBC}") = "Portal", "Portal\Portal.csproj", "{1C62D342-FCFB-4402-90FE-9BCD24406A82}"
EndProject
Project("{FAE04EC0-301F-11D3-BF4B-00C04F79EFBC}") = "CorePortlets", "Portlets\CorePortlets\CorePortlets.csproj", "{B33E5A6E-4EBC-4192-8B2E-D7E43E8A7820}"
EndProject
Project("{FAE04EC0-301F-11D3-BF4B-00C04F79EFBC}") = "ContentRepository", "ContentRepository\ContentRepository.csproj", "{786E6165-CA02-45A9-BF58-207A45D7D6DF}"
EndProject
Project("{FAE04EC0-301F-11D3-BF4B-00C04F79EFBC}") = "Tests", "Tests\Tests.csproj", "{1FC5FCC7-C637-4EA3-A98A-23637E6F5ACF}"
EndProject
Project("{FAE04EC0-301F-11D3-BF4B-00C04F79EFBC}") = "Storage", "Storage\Storage.csproj", "{5DB4DDBA-81F6-4D81-943A-18F3178B3355}"
EndProject
Project("{FAE04EC0-301F-11D3-BF4B-00C04F79EFBC}") = "Services", "Services\Services.csproj", "{B72529C8-FEB1-49F5-B08B-56055B58F296}"
EndProject
Project("{FAE04EC0-301F-11D3-BF4B-00C04F79EFBC}") = "Install", "Tools\Install\Install.csproj", "{410FB9AD-DB1D-4AA6-BD3C-3CF5EBF0E71E}"
EndProject
Project("{FAE04EC0-301F-11D3-BF4B-00C04F79EFBC}") = "DirectoryServices", "DirectoryServices\DirectoryServices.csproj", "{71BBF82C-84D2-409F-8BC0-A9F401B016FB}"
EndProject
Project("{FAE04EC0-301F-11D3-BF4B-00C04F79EFBC}") = "SyncAD2Portal", "Tools\SyncAD2Portal\SyncAD2Portal.csproj", "{BB4EFB13-9E71-4CD8-8618-7F7966033EA8}"
EndProject
Project("{FAE04EC0-301F-11D3-BF4B-00C04F79EFBC}") = "SyncPortal2AD", "Tools\SyncPortal2AD\SyncPortal2AD.csproj", "{CF2573DE-00E9-4F95-9A23-E7578D11A34A}"
EndProject
Project("{FAE04EC0-301F-11D3-BF4B-00C04F79EFBC}") = "TestPad", "Tools\TestPad\TestPad.csproj", "{43158D31-CAA3-4E1C-A43D-78907F46F15D}"
EndProject
Project("{FAE04EC0-301F-11D3-BF4B-00C04F79EFBC}") = "IndexPopulator", "Tools\IndexPopulator\IndexPopulator.csproj", "{53914E5F-CCE9-4FC0-8647-28B6E255E186}"
EndProject
Project("{FAE04EC0-301F-11D3-BF4B-00C04F79EFBC}") = "ConcurrencyTester", "Tools\SnHttpRuntime\ConcurrencyTester.csproj", "{3F0576F6-A1AA-432F-953A-15E4CD7F3647}"
EndProject
Project("{FAE04EC0-301F-11D3-BF4B-00C04F79EFBC}") = "Utilities", "Utilities\Utilities.csproj", "{FB9875D5-B765-4DBB-AB6E-C0C7672AE060}"
EndProject
Project("{FAE04EC0-301F-11D3-BF4B-00C04F79EFBC}") = "Lucene.Net", "LuceneNet_2_9_2\Lucene.Net.csproj", "{01262AA3-7163-40DA-90F9-BC0B67CEFB34}"
EndProject
Project("{2150E333-8FDC-42A3-9474-1A3956D46DE8}") = "Core", "Core", "{2997D17C-A736-43E5-B3DD-11D11AC7DF17}"
EndProject
Project("{FAE04EC0-301F-11D3-BF4B-00C04F79EFBC}") = "DigestEventNotifier", "Tools\DigestEventNotifier\DigestEventNotifier.csproj", "{10247F3C-C4AA-4041-B1F7-88B119E5C742}"
EndProject
Project("{FAE04EC0-301F-11D3-BF4B-00C04F79EFBC}") = "WebSite", "WebSite\WebSite.csproj", "{07E5121B-6CDC-4752-8FB9-AFB6650C8C91}"
EndProject
Project("{FAE04EC0-301F-11D3-BF4B-00C04F79EFBC}") = "HcExplore", "HcExplore\HcExplore.csproj", "{C7580CC7-3590-43C6-B67E-DDDF9AE50FCD}"
EndProject
Project("{FAE04EC0-301F-11D3-BF4B-00C04F79EFBC}") = "OldPortlets", "Portlets\OldPortlets\OldPortlets.csproj", "{126FB661-7B97-471D-A991-EFFA5A2E274D}"
EndProject
Project("{FAE04EC0-301F-11D3-BF4B-00C04F79EFBC}") = "Configuration", "Configuration\Configuration.csproj", "{A19F707C-B1C3-45C7-AE38-E7B7F30C1161}"
EndProject
Project("{FAE04EC0-301F-11D3-BF4B-00C04F79EFBC}") = "WF", "WF\WF.csproj", "{EAFB31F9-5C6C-4661-9068-4D13AD33EABE}"
EndProject
Project("{FAE04EC0-301F-11D3-BF4B-00C04F79EFBC}") = "Backup", "Tools\Backup\Backup.csproj", "{F48F73F2-F26E-4F08-9027-5A95E8A2E630}"
EndProject
Project("{FAE04EC0-301F-11D3-BF4B-00C04F79EFBC}") = "TestWorkflows", "TestWorkflows\TestWorkflows.csproj", "{229D9C6D-CE80-4D22-A070-93191DEF62AE}"
EndProject
Project("{FAE04EC0-301F-11D3-BF4B-00C04F79EFBC}") = "WFD", "WFD\WFD.csproj", "{BE138F10-83FD-4E9E-B77F-037CCA23D5B7}"
EndProject
Project("{FAE04EC0-301F-11D3-BF4B-00C04F79EFBC}") = "Workflow", "Workflow\Workflow.csproj", "{DCCA8F3A-C617-4609-AE2E-39795177ED10}"
EndProject
Project("{FAE04EC0-301F-11D3-BF4B-00C04F79EFBC}") = "Messaging", "Messaging\Messaging.csproj", "{0C18D047-E725-46E1-8C9B-522D4A807FFF}"
EndProject
Project("{FAE04EC0-301F-11D3-BF4B-00C04F79EFBC}") = "IntegrityChecker", "Tools\IntegrityChecker\IntegrityChecker.csproj", "{239FC65A-EA56-4030-BBAA-97BE9B080753}"
EndProject
Project("{FAE04EC0-301F-11D3-BF4B-00C04F79EFBC}") = "Eclipse.IndexingService", "Eclipse.IndexingService\Eclipse.IndexingService.csproj", "{7558CCA6-164B-4520-B926-CADDDC3700EA}"
EndProject
Global
	GlobalSection(TestCaseManagementSettings) = postSolution
		CategoryFile = sensenet.vsmdi
	EndGlobalSection
	GlobalSection(SolutionConfigurationPlatforms) = preSolution
		Debug|Any CPU = Debug|Any CPU
		Debug|Mixed Platforms = Debug|Mixed Platforms
		Debug|x64 = Debug|x64
		Debug|x86 = Debug|x86
		Development|Any CPU = Development|Any CPU
		Development|Mixed Platforms = Development|Mixed Platforms
		Development|x64 = Development|x64
		Development|x86 = Development|x86
		Release|Any CPU = Release|Any CPU
		Release|Mixed Platforms = Release|Mixed Platforms
		Release|x64 = Release|x64
		Release|x86 = Release|x86
	EndGlobalSection
	GlobalSection(ProjectConfigurationPlatforms) = postSolution
		{CDA65354-ACB5-42DD-9FD2-65058D2B4886}.Debug|Any CPU.ActiveCfg = Debug|Any CPU
		{CDA65354-ACB5-42DD-9FD2-65058D2B4886}.Debug|Any CPU.Build.0 = Debug|Any CPU
		{CDA65354-ACB5-42DD-9FD2-65058D2B4886}.Debug|Mixed Platforms.ActiveCfg = Debug|Any CPU
		{CDA65354-ACB5-42DD-9FD2-65058D2B4886}.Debug|Mixed Platforms.Build.0 = Debug|Any CPU
		{CDA65354-ACB5-42DD-9FD2-65058D2B4886}.Debug|x64.ActiveCfg = Debug|Any CPU
		{CDA65354-ACB5-42DD-9FD2-65058D2B4886}.Debug|x86.ActiveCfg = Debug|Any CPU
		{CDA65354-ACB5-42DD-9FD2-65058D2B4886}.Development|Any CPU.ActiveCfg = Debug|Any CPU
		{CDA65354-ACB5-42DD-9FD2-65058D2B4886}.Development|Any CPU.Build.0 = Debug|Any CPU
		{CDA65354-ACB5-42DD-9FD2-65058D2B4886}.Development|Mixed Platforms.ActiveCfg = Debug|Any CPU
		{CDA65354-ACB5-42DD-9FD2-65058D2B4886}.Development|Mixed Platforms.Build.0 = Debug|Any CPU
		{CDA65354-ACB5-42DD-9FD2-65058D2B4886}.Development|x64.ActiveCfg = Debug|Any CPU
		{CDA65354-ACB5-42DD-9FD2-65058D2B4886}.Development|x86.ActiveCfg = Debug|Any CPU
		{CDA65354-ACB5-42DD-9FD2-65058D2B4886}.Release|Any CPU.ActiveCfg = Release|Any CPU
		{CDA65354-ACB5-42DD-9FD2-65058D2B4886}.Release|Any CPU.Build.0 = Release|Any CPU
		{CDA65354-ACB5-42DD-9FD2-65058D2B4886}.Release|Mixed Platforms.ActiveCfg = Release|Any CPU
		{CDA65354-ACB5-42DD-9FD2-65058D2B4886}.Release|Mixed Platforms.Build.0 = Release|Any CPU
		{CDA65354-ACB5-42DD-9FD2-65058D2B4886}.Release|x64.ActiveCfg = Release|Any CPU
		{CDA65354-ACB5-42DD-9FD2-65058D2B4886}.Release|x86.ActiveCfg = Release|Any CPU
		{D3130F5E-1758-4459-A418-F84507594771}.Debug|Any CPU.ActiveCfg = Debug|Any CPU
		{D3130F5E-1758-4459-A418-F84507594771}.Debug|Any CPU.Build.0 = Debug|Any CPU
		{D3130F5E-1758-4459-A418-F84507594771}.Debug|Mixed Platforms.ActiveCfg = Debug|Any CPU
		{D3130F5E-1758-4459-A418-F84507594771}.Debug|Mixed Platforms.Build.0 = Debug|Any CPU
		{D3130F5E-1758-4459-A418-F84507594771}.Debug|x64.ActiveCfg = Debug|Any CPU
		{D3130F5E-1758-4459-A418-F84507594771}.Debug|x86.ActiveCfg = Debug|Any CPU
		{D3130F5E-1758-4459-A418-F84507594771}.Development|Any CPU.ActiveCfg = Debug|Any CPU
		{D3130F5E-1758-4459-A418-F84507594771}.Development|Any CPU.Build.0 = Debug|Any CPU
		{D3130F5E-1758-4459-A418-F84507594771}.Development|Mixed Platforms.ActiveCfg = Debug|Any CPU
		{D3130F5E-1758-4459-A418-F84507594771}.Development|Mixed Platforms.Build.0 = Debug|Any CPU
		{D3130F5E-1758-4459-A418-F84507594771}.Development|x64.ActiveCfg = Debug|Any CPU
		{D3130F5E-1758-4459-A418-F84507594771}.Development|x86.ActiveCfg = Debug|Any CPU
		{D3130F5E-1758-4459-A418-F84507594771}.Release|Any CPU.ActiveCfg = Release|Any CPU
		{D3130F5E-1758-4459-A418-F84507594771}.Release|Any CPU.Build.0 = Release|Any CPU
		{D3130F5E-1758-4459-A418-F84507594771}.Release|Mixed Platforms.ActiveCfg = Release|Any CPU
		{D3130F5E-1758-4459-A418-F84507594771}.Release|Mixed Platforms.Build.0 = Release|Any CPU
		{D3130F5E-1758-4459-A418-F84507594771}.Release|x64.ActiveCfg = Release|Any CPU
		{D3130F5E-1758-4459-A418-F84507594771}.Release|x86.ActiveCfg = Release|Any CPU
		{03B9D157-A3A3-4264-B8C0-AF5DA750D779}.Debug|Any CPU.ActiveCfg = Debug|Any CPU
		{03B9D157-A3A3-4264-B8C0-AF5DA750D779}.Debug|Any CPU.Build.0 = Debug|Any CPU
		{03B9D157-A3A3-4264-B8C0-AF5DA750D779}.Debug|Mixed Platforms.ActiveCfg = Debug|Any CPU
		{03B9D157-A3A3-4264-B8C0-AF5DA750D779}.Debug|Mixed Platforms.Build.0 = Debug|Any CPU
		{03B9D157-A3A3-4264-B8C0-AF5DA750D779}.Debug|x64.ActiveCfg = Debug|Any CPU
		{03B9D157-A3A3-4264-B8C0-AF5DA750D779}.Debug|x86.ActiveCfg = Debug|Any CPU
		{03B9D157-A3A3-4264-B8C0-AF5DA750D779}.Development|Any CPU.ActiveCfg = Debug|Any CPU
		{03B9D157-A3A3-4264-B8C0-AF5DA750D779}.Development|Any CPU.Build.0 = Debug|Any CPU
		{03B9D157-A3A3-4264-B8C0-AF5DA750D779}.Development|Mixed Platforms.ActiveCfg = Debug|Any CPU
		{03B9D157-A3A3-4264-B8C0-AF5DA750D779}.Development|Mixed Platforms.Build.0 = Debug|Any CPU
		{03B9D157-A3A3-4264-B8C0-AF5DA750D779}.Development|x64.ActiveCfg = Debug|Any CPU
		{03B9D157-A3A3-4264-B8C0-AF5DA750D779}.Development|x86.ActiveCfg = Debug|Any CPU
		{03B9D157-A3A3-4264-B8C0-AF5DA750D779}.Release|Any CPU.ActiveCfg = Release|Any CPU
		{03B9D157-A3A3-4264-B8C0-AF5DA750D779}.Release|Any CPU.Build.0 = Release|Any CPU
		{03B9D157-A3A3-4264-B8C0-AF5DA750D779}.Release|Mixed Platforms.ActiveCfg = Release|Any CPU
		{03B9D157-A3A3-4264-B8C0-AF5DA750D779}.Release|Mixed Platforms.Build.0 = Release|Any CPU
		{03B9D157-A3A3-4264-B8C0-AF5DA750D779}.Release|x64.ActiveCfg = Release|Any CPU
		{03B9D157-A3A3-4264-B8C0-AF5DA750D779}.Release|x86.ActiveCfg = Release|Any CPU
		{38BCA11F-5E29-4FC3-A100-7005D20FBF42}.Debug|Any CPU.ActiveCfg = Debug|Any CPU
		{38BCA11F-5E29-4FC3-A100-7005D20FBF42}.Debug|Any CPU.Build.0 = Debug|Any CPU
		{38BCA11F-5E29-4FC3-A100-7005D20FBF42}.Debug|Mixed Platforms.ActiveCfg = Debug|Any CPU
		{38BCA11F-5E29-4FC3-A100-7005D20FBF42}.Debug|Mixed Platforms.Build.0 = Debug|Any CPU
		{38BCA11F-5E29-4FC3-A100-7005D20FBF42}.Debug|x64.ActiveCfg = Debug|Any CPU
		{38BCA11F-5E29-4FC3-A100-7005D20FBF42}.Debug|x86.ActiveCfg = Debug|Any CPU
		{38BCA11F-5E29-4FC3-A100-7005D20FBF42}.Development|Any CPU.ActiveCfg = Debug|Any CPU
		{38BCA11F-5E29-4FC3-A100-7005D20FBF42}.Development|Any CPU.Build.0 = Debug|Any CPU
		{38BCA11F-5E29-4FC3-A100-7005D20FBF42}.Development|Mixed Platforms.ActiveCfg = Debug|Any CPU
		{38BCA11F-5E29-4FC3-A100-7005D20FBF42}.Development|Mixed Platforms.Build.0 = Debug|Any CPU
		{38BCA11F-5E29-4FC3-A100-7005D20FBF42}.Development|x64.ActiveCfg = Debug|Any CPU
		{38BCA11F-5E29-4FC3-A100-7005D20FBF42}.Development|x86.ActiveCfg = Debug|Any CPU
		{38BCA11F-5E29-4FC3-A100-7005D20FBF42}.Release|Any CPU.ActiveCfg = Release|Any CPU
		{38BCA11F-5E29-4FC3-A100-7005D20FBF42}.Release|Any CPU.Build.0 = Release|Any CPU
		{38BCA11F-5E29-4FC3-A100-7005D20FBF42}.Release|Mixed Platforms.ActiveCfg = Release|Any CPU
		{38BCA11F-5E29-4FC3-A100-7005D20FBF42}.Release|Mixed Platforms.Build.0 = Release|Any CPU
		{38BCA11F-5E29-4FC3-A100-7005D20FBF42}.Release|x64.ActiveCfg = Release|Any CPU
		{38BCA11F-5E29-4FC3-A100-7005D20FBF42}.Release|x86.ActiveCfg = Release|Any CPU
		{370531F6-AA7F-4794-92CD-0CD66A22B89A}.Debug|Any CPU.ActiveCfg = Debug|Any CPU
		{370531F6-AA7F-4794-92CD-0CD66A22B89A}.Debug|Any CPU.Build.0 = Debug|Any CPU
		{370531F6-AA7F-4794-92CD-0CD66A22B89A}.Debug|Mixed Platforms.ActiveCfg = Debug|Any CPU
		{370531F6-AA7F-4794-92CD-0CD66A22B89A}.Debug|Mixed Platforms.Build.0 = Debug|Any CPU
		{370531F6-AA7F-4794-92CD-0CD66A22B89A}.Debug|x64.ActiveCfg = Debug|Any CPU
		{370531F6-AA7F-4794-92CD-0CD66A22B89A}.Debug|x86.ActiveCfg = Debug|Any CPU
		{370531F6-AA7F-4794-92CD-0CD66A22B89A}.Development|Any CPU.ActiveCfg = Debug|Any CPU
		{370531F6-AA7F-4794-92CD-0CD66A22B89A}.Development|Any CPU.Build.0 = Debug|Any CPU
		{370531F6-AA7F-4794-92CD-0CD66A22B89A}.Development|Mixed Platforms.ActiveCfg = Debug|Any CPU
		{370531F6-AA7F-4794-92CD-0CD66A22B89A}.Development|Mixed Platforms.Build.0 = Debug|Any CPU
		{370531F6-AA7F-4794-92CD-0CD66A22B89A}.Development|x64.ActiveCfg = Debug|Any CPU
		{370531F6-AA7F-4794-92CD-0CD66A22B89A}.Development|x86.ActiveCfg = Debug|Any CPU
		{370531F6-AA7F-4794-92CD-0CD66A22B89A}.Release|Any CPU.ActiveCfg = Release|Any CPU
		{370531F6-AA7F-4794-92CD-0CD66A22B89A}.Release|Any CPU.Build.0 = Release|Any CPU
		{370531F6-AA7F-4794-92CD-0CD66A22B89A}.Release|Mixed Platforms.ActiveCfg = Release|Any CPU
		{370531F6-AA7F-4794-92CD-0CD66A22B89A}.Release|Mixed Platforms.Build.0 = Release|Any CPU
		{370531F6-AA7F-4794-92CD-0CD66A22B89A}.Release|x64.ActiveCfg = Release|Any CPU
		{370531F6-AA7F-4794-92CD-0CD66A22B89A}.Release|x86.ActiveCfg = Release|Any CPU
		{1C62D342-FCFB-4402-90FE-9BCD24406A82}.Debug|Any CPU.ActiveCfg = Debug|Any CPU
		{1C62D342-FCFB-4402-90FE-9BCD24406A82}.Debug|Any CPU.Build.0 = Debug|Any CPU
		{1C62D342-FCFB-4402-90FE-9BCD24406A82}.Debug|Mixed Platforms.ActiveCfg = Debug|Any CPU
		{1C62D342-FCFB-4402-90FE-9BCD24406A82}.Debug|Mixed Platforms.Build.0 = Debug|Any CPU
		{1C62D342-FCFB-4402-90FE-9BCD24406A82}.Debug|x64.ActiveCfg = Debug|Any CPU
		{1C62D342-FCFB-4402-90FE-9BCD24406A82}.Debug|x86.ActiveCfg = Debug|Any CPU
		{1C62D342-FCFB-4402-90FE-9BCD24406A82}.Development|Any CPU.ActiveCfg = Debug|Any CPU
		{1C62D342-FCFB-4402-90FE-9BCD24406A82}.Development|Any CPU.Build.0 = Debug|Any CPU
		{1C62D342-FCFB-4402-90FE-9BCD24406A82}.Development|Mixed Platforms.ActiveCfg = Debug|Any CPU
		{1C62D342-FCFB-4402-90FE-9BCD24406A82}.Development|Mixed Platforms.Build.0 = Debug|Any CPU
		{1C62D342-FCFB-4402-90FE-9BCD24406A82}.Development|x64.ActiveCfg = Debug|Any CPU
		{1C62D342-FCFB-4402-90FE-9BCD24406A82}.Development|x86.ActiveCfg = Debug|Any CPU
		{1C62D342-FCFB-4402-90FE-9BCD24406A82}.Release|Any CPU.ActiveCfg = Release|Any CPU
		{1C62D342-FCFB-4402-90FE-9BCD24406A82}.Release|Any CPU.Build.0 = Release|Any CPU
		{1C62D342-FCFB-4402-90FE-9BCD24406A82}.Release|Mixed Platforms.ActiveCfg = Release|Any CPU
		{1C62D342-FCFB-4402-90FE-9BCD24406A82}.Release|Mixed Platforms.Build.0 = Release|Any CPU
		{1C62D342-FCFB-4402-90FE-9BCD24406A82}.Release|x64.ActiveCfg = Release|Any CPU
		{1C62D342-FCFB-4402-90FE-9BCD24406A82}.Release|x86.ActiveCfg = Release|Any CPU
		{B33E5A6E-4EBC-4192-8B2E-D7E43E8A7820}.Debug|Any CPU.ActiveCfg = Debug|Any CPU
		{B33E5A6E-4EBC-4192-8B2E-D7E43E8A7820}.Debug|Any CPU.Build.0 = Debug|Any CPU
		{B33E5A6E-4EBC-4192-8B2E-D7E43E8A7820}.Debug|Mixed Platforms.ActiveCfg = Debug|Any CPU
		{B33E5A6E-4EBC-4192-8B2E-D7E43E8A7820}.Debug|Mixed Platforms.Build.0 = Debug|Any CPU
		{B33E5A6E-4EBC-4192-8B2E-D7E43E8A7820}.Debug|x64.ActiveCfg = Debug|Any CPU
		{B33E5A6E-4EBC-4192-8B2E-D7E43E8A7820}.Debug|x86.ActiveCfg = Debug|Any CPU
		{B33E5A6E-4EBC-4192-8B2E-D7E43E8A7820}.Development|Any CPU.ActiveCfg = Debug|Any CPU
		{B33E5A6E-4EBC-4192-8B2E-D7E43E8A7820}.Development|Any CPU.Build.0 = Debug|Any CPU
		{B33E5A6E-4EBC-4192-8B2E-D7E43E8A7820}.Development|Mixed Platforms.ActiveCfg = Debug|Any CPU
		{B33E5A6E-4EBC-4192-8B2E-D7E43E8A7820}.Development|Mixed Platforms.Build.0 = Debug|Any CPU
		{B33E5A6E-4EBC-4192-8B2E-D7E43E8A7820}.Development|x64.ActiveCfg = Debug|Any CPU
		{B33E5A6E-4EBC-4192-8B2E-D7E43E8A7820}.Development|x86.ActiveCfg = Debug|Any CPU
		{B33E5A6E-4EBC-4192-8B2E-D7E43E8A7820}.Release|Any CPU.ActiveCfg = Release|Any CPU
		{B33E5A6E-4EBC-4192-8B2E-D7E43E8A7820}.Release|Any CPU.Build.0 = Release|Any CPU
		{B33E5A6E-4EBC-4192-8B2E-D7E43E8A7820}.Release|Mixed Platforms.ActiveCfg = Release|Any CPU
		{B33E5A6E-4EBC-4192-8B2E-D7E43E8A7820}.Release|Mixed Platforms.Build.0 = Release|Any CPU
		{B33E5A6E-4EBC-4192-8B2E-D7E43E8A7820}.Release|x64.ActiveCfg = Release|Any CPU
		{B33E5A6E-4EBC-4192-8B2E-D7E43E8A7820}.Release|x86.ActiveCfg = Release|Any CPU
		{786E6165-CA02-45A9-BF58-207A45D7D6DF}.Debug|Any CPU.ActiveCfg = Debug|Any CPU
		{786E6165-CA02-45A9-BF58-207A45D7D6DF}.Debug|Any CPU.Build.0 = Debug|Any CPU
		{786E6165-CA02-45A9-BF58-207A45D7D6DF}.Debug|Mixed Platforms.ActiveCfg = Debug|Any CPU
		{786E6165-CA02-45A9-BF58-207A45D7D6DF}.Debug|Mixed Platforms.Build.0 = Debug|Any CPU
		{786E6165-CA02-45A9-BF58-207A45D7D6DF}.Debug|x64.ActiveCfg = Debug|Any CPU
		{786E6165-CA02-45A9-BF58-207A45D7D6DF}.Debug|x86.ActiveCfg = Debug|Any CPU
		{786E6165-CA02-45A9-BF58-207A45D7D6DF}.Development|Any CPU.ActiveCfg = Debug|Any CPU
		{786E6165-CA02-45A9-BF58-207A45D7D6DF}.Development|Any CPU.Build.0 = Debug|Any CPU
		{786E6165-CA02-45A9-BF58-207A45D7D6DF}.Development|Mixed Platforms.ActiveCfg = Debug|Any CPU
		{786E6165-CA02-45A9-BF58-207A45D7D6DF}.Development|Mixed Platforms.Build.0 = Debug|Any CPU
		{786E6165-CA02-45A9-BF58-207A45D7D6DF}.Development|x64.ActiveCfg = Debug|Any CPU
		{786E6165-CA02-45A9-BF58-207A45D7D6DF}.Development|x86.ActiveCfg = Debug|Any CPU
		{786E6165-CA02-45A9-BF58-207A45D7D6DF}.Release|Any CPU.ActiveCfg = Release|Any CPU
		{786E6165-CA02-45A9-BF58-207A45D7D6DF}.Release|Any CPU.Build.0 = Release|Any CPU
		{786E6165-CA02-45A9-BF58-207A45D7D6DF}.Release|Mixed Platforms.ActiveCfg = Release|Any CPU
		{786E6165-CA02-45A9-BF58-207A45D7D6DF}.Release|Mixed Platforms.Build.0 = Release|Any CPU
		{786E6165-CA02-45A9-BF58-207A45D7D6DF}.Release|x64.ActiveCfg = Release|Any CPU
		{786E6165-CA02-45A9-BF58-207A45D7D6DF}.Release|x86.ActiveCfg = Release|Any CPU
		{1FC5FCC7-C637-4EA3-A98A-23637E6F5ACF}.Debug|Any CPU.ActiveCfg = Debug|Any CPU
		{1FC5FCC7-C637-4EA3-A98A-23637E6F5ACF}.Debug|Any CPU.Build.0 = Debug|Any CPU
		{1FC5FCC7-C637-4EA3-A98A-23637E6F5ACF}.Debug|Mixed Platforms.ActiveCfg = Debug|Any CPU
		{1FC5FCC7-C637-4EA3-A98A-23637E6F5ACF}.Debug|Mixed Platforms.Build.0 = Debug|Any CPU
		{1FC5FCC7-C637-4EA3-A98A-23637E6F5ACF}.Debug|x64.ActiveCfg = Debug|Any CPU
		{1FC5FCC7-C637-4EA3-A98A-23637E6F5ACF}.Debug|x86.ActiveCfg = Debug|Any CPU
		{1FC5FCC7-C637-4EA3-A98A-23637E6F5ACF}.Development|Any CPU.ActiveCfg = Debug|Any CPU
		{1FC5FCC7-C637-4EA3-A98A-23637E6F5ACF}.Development|Any CPU.Build.0 = Debug|Any CPU
		{1FC5FCC7-C637-4EA3-A98A-23637E6F5ACF}.Development|Mixed Platforms.ActiveCfg = Debug|Any CPU
		{1FC5FCC7-C637-4EA3-A98A-23637E6F5ACF}.Development|Mixed Platforms.Build.0 = Debug|Any CPU
		{1FC5FCC7-C637-4EA3-A98A-23637E6F5ACF}.Development|x64.ActiveCfg = Debug|Any CPU
		{1FC5FCC7-C637-4EA3-A98A-23637E6F5ACF}.Development|x86.ActiveCfg = Debug|Any CPU
		{1FC5FCC7-C637-4EA3-A98A-23637E6F5ACF}.Release|Any CPU.ActiveCfg = Release|Any CPU
		{1FC5FCC7-C637-4EA3-A98A-23637E6F5ACF}.Release|Any CPU.Build.0 = Release|Any CPU
		{1FC5FCC7-C637-4EA3-A98A-23637E6F5ACF}.Release|Mixed Platforms.ActiveCfg = Release|Any CPU
		{1FC5FCC7-C637-4EA3-A98A-23637E6F5ACF}.Release|Mixed Platforms.Build.0 = Release|Any CPU
		{1FC5FCC7-C637-4EA3-A98A-23637E6F5ACF}.Release|x64.ActiveCfg = Release|Any CPU
		{1FC5FCC7-C637-4EA3-A98A-23637E6F5ACF}.Release|x86.ActiveCfg = Release|Any CPU
		{5DB4DDBA-81F6-4D81-943A-18F3178B3355}.Debug|Any CPU.ActiveCfg = Debug|Any CPU
		{5DB4DDBA-81F6-4D81-943A-18F3178B3355}.Debug|Any CPU.Build.0 = Debug|Any CPU
		{5DB4DDBA-81F6-4D81-943A-18F3178B3355}.Debug|Mixed Platforms.ActiveCfg = Debug|Any CPU
		{5DB4DDBA-81F6-4D81-943A-18F3178B3355}.Debug|Mixed Platforms.Build.0 = Debug|Any CPU
		{5DB4DDBA-81F6-4D81-943A-18F3178B3355}.Debug|x64.ActiveCfg = Debug|Any CPU
		{5DB4DDBA-81F6-4D81-943A-18F3178B3355}.Debug|x86.ActiveCfg = Debug|Any CPU
		{5DB4DDBA-81F6-4D81-943A-18F3178B3355}.Development|Any CPU.ActiveCfg = Debug|Any CPU
		{5DB4DDBA-81F6-4D81-943A-18F3178B3355}.Development|Any CPU.Build.0 = Debug|Any CPU
		{5DB4DDBA-81F6-4D81-943A-18F3178B3355}.Development|Mixed Platforms.ActiveCfg = Debug|Any CPU
		{5DB4DDBA-81F6-4D81-943A-18F3178B3355}.Development|Mixed Platforms.Build.0 = Debug|Any CPU
		{5DB4DDBA-81F6-4D81-943A-18F3178B3355}.Development|x64.ActiveCfg = Debug|Any CPU
		{5DB4DDBA-81F6-4D81-943A-18F3178B3355}.Development|x86.ActiveCfg = Debug|Any CPU
		{5DB4DDBA-81F6-4D81-943A-18F3178B3355}.Release|Any CPU.ActiveCfg = Release|Any CPU
		{5DB4DDBA-81F6-4D81-943A-18F3178B3355}.Release|Any CPU.Build.0 = Release|Any CPU
		{5DB4DDBA-81F6-4D81-943A-18F3178B3355}.Release|Mixed Platforms.ActiveCfg = Release|Any CPU
		{5DB4DDBA-81F6-4D81-943A-18F3178B3355}.Release|Mixed Platforms.Build.0 = Release|Any CPU
		{5DB4DDBA-81F6-4D81-943A-18F3178B3355}.Release|x64.ActiveCfg = Release|Any CPU
		{5DB4DDBA-81F6-4D81-943A-18F3178B3355}.Release|x86.ActiveCfg = Release|Any CPU
		{B72529C8-FEB1-49F5-B08B-56055B58F296}.Debug|Any CPU.ActiveCfg = Debug|Any CPU
		{B72529C8-FEB1-49F5-B08B-56055B58F296}.Debug|Any CPU.Build.0 = Debug|Any CPU
		{B72529C8-FEB1-49F5-B08B-56055B58F296}.Debug|Mixed Platforms.ActiveCfg = Debug|Any CPU
		{B72529C8-FEB1-49F5-B08B-56055B58F296}.Debug|Mixed Platforms.Build.0 = Debug|Any CPU
		{B72529C8-FEB1-49F5-B08B-56055B58F296}.Debug|x64.ActiveCfg = Debug|Any CPU
		{B72529C8-FEB1-49F5-B08B-56055B58F296}.Debug|x86.ActiveCfg = Debug|Any CPU
		{B72529C8-FEB1-49F5-B08B-56055B58F296}.Development|Any CPU.ActiveCfg = Debug|Any CPU
		{B72529C8-FEB1-49F5-B08B-56055B58F296}.Development|Any CPU.Build.0 = Debug|Any CPU
		{B72529C8-FEB1-49F5-B08B-56055B58F296}.Development|Mixed Platforms.ActiveCfg = Debug|Any CPU
		{B72529C8-FEB1-49F5-B08B-56055B58F296}.Development|Mixed Platforms.Build.0 = Debug|Any CPU
		{B72529C8-FEB1-49F5-B08B-56055B58F296}.Development|x64.ActiveCfg = Debug|Any CPU
		{B72529C8-FEB1-49F5-B08B-56055B58F296}.Development|x86.ActiveCfg = Debug|Any CPU
		{B72529C8-FEB1-49F5-B08B-56055B58F296}.Release|Any CPU.ActiveCfg = Release|Any CPU
		{B72529C8-FEB1-49F5-B08B-56055B58F296}.Release|Any CPU.Build.0 = Release|Any CPU
		{B72529C8-FEB1-49F5-B08B-56055B58F296}.Release|Mixed Platforms.ActiveCfg = Release|Any CPU
		{B72529C8-FEB1-49F5-B08B-56055B58F296}.Release|Mixed Platforms.Build.0 = Release|Any CPU
		{B72529C8-FEB1-49F5-B08B-56055B58F296}.Release|x64.ActiveCfg = Release|Any CPU
		{B72529C8-FEB1-49F5-B08B-56055B58F296}.Release|x86.ActiveCfg = Release|Any CPU
		{410FB9AD-DB1D-4AA6-BD3C-3CF5EBF0E71E}.Debug|Any CPU.ActiveCfg = Debug|Any CPU
		{410FB9AD-DB1D-4AA6-BD3C-3CF5EBF0E71E}.Debug|Any CPU.Build.0 = Debug|Any CPU
		{410FB9AD-DB1D-4AA6-BD3C-3CF5EBF0E71E}.Debug|Mixed Platforms.ActiveCfg = Debug|Any CPU
		{410FB9AD-DB1D-4AA6-BD3C-3CF5EBF0E71E}.Debug|Mixed Platforms.Build.0 = Debug|Any CPU
		{410FB9AD-DB1D-4AA6-BD3C-3CF5EBF0E71E}.Debug|x64.ActiveCfg = Debug|Any CPU
		{410FB9AD-DB1D-4AA6-BD3C-3CF5EBF0E71E}.Debug|x86.ActiveCfg = Debug|Any CPU
		{410FB9AD-DB1D-4AA6-BD3C-3CF5EBF0E71E}.Development|Any CPU.ActiveCfg = Debug|Any CPU
		{410FB9AD-DB1D-4AA6-BD3C-3CF5EBF0E71E}.Development|Any CPU.Build.0 = Debug|Any CPU
		{410FB9AD-DB1D-4AA6-BD3C-3CF5EBF0E71E}.Development|Mixed Platforms.ActiveCfg = Debug|Any CPU
		{410FB9AD-DB1D-4AA6-BD3C-3CF5EBF0E71E}.Development|Mixed Platforms.Build.0 = Debug|Any CPU
		{410FB9AD-DB1D-4AA6-BD3C-3CF5EBF0E71E}.Development|x64.ActiveCfg = Debug|Any CPU
		{410FB9AD-DB1D-4AA6-BD3C-3CF5EBF0E71E}.Development|x86.ActiveCfg = Debug|Any CPU
		{410FB9AD-DB1D-4AA6-BD3C-3CF5EBF0E71E}.Release|Any CPU.ActiveCfg = Release|Any CPU
		{410FB9AD-DB1D-4AA6-BD3C-3CF5EBF0E71E}.Release|Any CPU.Build.0 = Release|Any CPU
		{410FB9AD-DB1D-4AA6-BD3C-3CF5EBF0E71E}.Release|Mixed Platforms.ActiveCfg = Release|Any CPU
		{410FB9AD-DB1D-4AA6-BD3C-3CF5EBF0E71E}.Release|Mixed Platforms.Build.0 = Release|Any CPU
		{410FB9AD-DB1D-4AA6-BD3C-3CF5EBF0E71E}.Release|x64.ActiveCfg = Release|Any CPU
		{410FB9AD-DB1D-4AA6-BD3C-3CF5EBF0E71E}.Release|x86.ActiveCfg = Release|Any CPU
		{71BBF82C-84D2-409F-8BC0-A9F401B016FB}.Debug|Any CPU.ActiveCfg = Debug|Any CPU
		{71BBF82C-84D2-409F-8BC0-A9F401B016FB}.Debug|Any CPU.Build.0 = Debug|Any CPU
		{71BBF82C-84D2-409F-8BC0-A9F401B016FB}.Debug|Mixed Platforms.ActiveCfg = Debug|Any CPU
		{71BBF82C-84D2-409F-8BC0-A9F401B016FB}.Debug|Mixed Platforms.Build.0 = Debug|Any CPU
		{71BBF82C-84D2-409F-8BC0-A9F401B016FB}.Debug|x64.ActiveCfg = Debug|Any CPU
		{71BBF82C-84D2-409F-8BC0-A9F401B016FB}.Debug|x86.ActiveCfg = Debug|Any CPU
		{71BBF82C-84D2-409F-8BC0-A9F401B016FB}.Development|Any CPU.ActiveCfg = Debug|Any CPU
		{71BBF82C-84D2-409F-8BC0-A9F401B016FB}.Development|Any CPU.Build.0 = Debug|Any CPU
		{71BBF82C-84D2-409F-8BC0-A9F401B016FB}.Development|Mixed Platforms.ActiveCfg = Debug|Any CPU
		{71BBF82C-84D2-409F-8BC0-A9F401B016FB}.Development|Mixed Platforms.Build.0 = Debug|Any CPU
		{71BBF82C-84D2-409F-8BC0-A9F401B016FB}.Development|x64.ActiveCfg = Debug|Any CPU
		{71BBF82C-84D2-409F-8BC0-A9F401B016FB}.Development|x86.ActiveCfg = Debug|Any CPU
		{71BBF82C-84D2-409F-8BC0-A9F401B016FB}.Release|Any CPU.ActiveCfg = Release|Any CPU
		{71BBF82C-84D2-409F-8BC0-A9F401B016FB}.Release|Any CPU.Build.0 = Release|Any CPU
		{71BBF82C-84D2-409F-8BC0-A9F401B016FB}.Release|Mixed Platforms.ActiveCfg = Release|Any CPU
		{71BBF82C-84D2-409F-8BC0-A9F401B016FB}.Release|Mixed Platforms.Build.0 = Release|Any CPU
		{71BBF82C-84D2-409F-8BC0-A9F401B016FB}.Release|x64.ActiveCfg = Release|Any CPU
		{71BBF82C-84D2-409F-8BC0-A9F401B016FB}.Release|x86.ActiveCfg = Release|Any CPU
		{BB4EFB13-9E71-4CD8-8618-7F7966033EA8}.Debug|Any CPU.ActiveCfg = Debug|Any CPU
		{BB4EFB13-9E71-4CD8-8618-7F7966033EA8}.Debug|Any CPU.Build.0 = Debug|Any CPU
		{BB4EFB13-9E71-4CD8-8618-7F7966033EA8}.Debug|Mixed Platforms.ActiveCfg = Debug|Any CPU
		{BB4EFB13-9E71-4CD8-8618-7F7966033EA8}.Debug|Mixed Platforms.Build.0 = Debug|Any CPU
		{BB4EFB13-9E71-4CD8-8618-7F7966033EA8}.Debug|x64.ActiveCfg = Debug|Any CPU
		{BB4EFB13-9E71-4CD8-8618-7F7966033EA8}.Debug|x86.ActiveCfg = Debug|Any CPU
		{BB4EFB13-9E71-4CD8-8618-7F7966033EA8}.Development|Any CPU.ActiveCfg = Debug|Any CPU
		{BB4EFB13-9E71-4CD8-8618-7F7966033EA8}.Development|Any CPU.Build.0 = Debug|Any CPU
		{BB4EFB13-9E71-4CD8-8618-7F7966033EA8}.Development|Mixed Platforms.ActiveCfg = Debug|Any CPU
		{BB4EFB13-9E71-4CD8-8618-7F7966033EA8}.Development|Mixed Platforms.Build.0 = Debug|Any CPU
		{BB4EFB13-9E71-4CD8-8618-7F7966033EA8}.Development|x64.ActiveCfg = Debug|Any CPU
		{BB4EFB13-9E71-4CD8-8618-7F7966033EA8}.Development|x86.ActiveCfg = Debug|Any CPU
		{BB4EFB13-9E71-4CD8-8618-7F7966033EA8}.Release|Any CPU.ActiveCfg = Release|Any CPU
		{BB4EFB13-9E71-4CD8-8618-7F7966033EA8}.Release|Any CPU.Build.0 = Release|Any CPU
		{BB4EFB13-9E71-4CD8-8618-7F7966033EA8}.Release|Mixed Platforms.ActiveCfg = Release|Any CPU
		{BB4EFB13-9E71-4CD8-8618-7F7966033EA8}.Release|Mixed Platforms.Build.0 = Release|Any CPU
		{BB4EFB13-9E71-4CD8-8618-7F7966033EA8}.Release|x64.ActiveCfg = Release|Any CPU
		{BB4EFB13-9E71-4CD8-8618-7F7966033EA8}.Release|x86.ActiveCfg = Release|Any CPU
		{CF2573DE-00E9-4F95-9A23-E7578D11A34A}.Debug|Any CPU.ActiveCfg = Debug|Any CPU
		{CF2573DE-00E9-4F95-9A23-E7578D11A34A}.Debug|Any CPU.Build.0 = Debug|Any CPU
		{CF2573DE-00E9-4F95-9A23-E7578D11A34A}.Debug|Mixed Platforms.ActiveCfg = Debug|Any CPU
		{CF2573DE-00E9-4F95-9A23-E7578D11A34A}.Debug|Mixed Platforms.Build.0 = Debug|Any CPU
		{CF2573DE-00E9-4F95-9A23-E7578D11A34A}.Debug|x64.ActiveCfg = Debug|Any CPU
		{CF2573DE-00E9-4F95-9A23-E7578D11A34A}.Debug|x86.ActiveCfg = Debug|Any CPU
		{CF2573DE-00E9-4F95-9A23-E7578D11A34A}.Development|Any CPU.ActiveCfg = Debug|Any CPU
		{CF2573DE-00E9-4F95-9A23-E7578D11A34A}.Development|Any CPU.Build.0 = Debug|Any CPU
		{CF2573DE-00E9-4F95-9A23-E7578D11A34A}.Development|Mixed Platforms.ActiveCfg = Debug|Any CPU
		{CF2573DE-00E9-4F95-9A23-E7578D11A34A}.Development|Mixed Platforms.Build.0 = Debug|Any CPU
		{CF2573DE-00E9-4F95-9A23-E7578D11A34A}.Development|x64.ActiveCfg = Debug|Any CPU
		{CF2573DE-00E9-4F95-9A23-E7578D11A34A}.Development|x86.ActiveCfg = Debug|Any CPU
		{CF2573DE-00E9-4F95-9A23-E7578D11A34A}.Release|Any CPU.ActiveCfg = Release|Any CPU
		{CF2573DE-00E9-4F95-9A23-E7578D11A34A}.Release|Any CPU.Build.0 = Release|Any CPU
		{CF2573DE-00E9-4F95-9A23-E7578D11A34A}.Release|Mixed Platforms.ActiveCfg = Release|Any CPU
		{CF2573DE-00E9-4F95-9A23-E7578D11A34A}.Release|Mixed Platforms.Build.0 = Release|Any CPU
		{CF2573DE-00E9-4F95-9A23-E7578D11A34A}.Release|x64.ActiveCfg = Release|Any CPU
		{CF2573DE-00E9-4F95-9A23-E7578D11A34A}.Release|x86.ActiveCfg = Release|Any CPU
		{43158D31-CAA3-4E1C-A43D-78907F46F15D}.Debug|Any CPU.ActiveCfg = Debug|Any CPU
		{43158D31-CAA3-4E1C-A43D-78907F46F15D}.Debug|Any CPU.Build.0 = Debug|Any CPU
		{43158D31-CAA3-4E1C-A43D-78907F46F15D}.Debug|Mixed Platforms.ActiveCfg = Debug|Any CPU
		{43158D31-CAA3-4E1C-A43D-78907F46F15D}.Debug|Mixed Platforms.Build.0 = Debug|Any CPU
		{43158D31-CAA3-4E1C-A43D-78907F46F15D}.Debug|x64.ActiveCfg = Debug|Any CPU
		{43158D31-CAA3-4E1C-A43D-78907F46F15D}.Debug|x86.ActiveCfg = Debug|Any CPU
		{43158D31-CAA3-4E1C-A43D-78907F46F15D}.Development|Any CPU.ActiveCfg = Debug|Any CPU
		{43158D31-CAA3-4E1C-A43D-78907F46F15D}.Development|Any CPU.Build.0 = Debug|Any CPU
		{43158D31-CAA3-4E1C-A43D-78907F46F15D}.Development|Mixed Platforms.ActiveCfg = Debug|Any CPU
		{43158D31-CAA3-4E1C-A43D-78907F46F15D}.Development|Mixed Platforms.Build.0 = Debug|Any CPU
		{43158D31-CAA3-4E1C-A43D-78907F46F15D}.Development|x64.ActiveCfg = Debug|Any CPU
		{43158D31-CAA3-4E1C-A43D-78907F46F15D}.Development|x86.ActiveCfg = Debug|Any CPU
		{43158D31-CAA3-4E1C-A43D-78907F46F15D}.Release|Any CPU.ActiveCfg = Release|Any CPU
		{43158D31-CAA3-4E1C-A43D-78907F46F15D}.Release|Any CPU.Build.0 = Release|Any CPU
		{43158D31-CAA3-4E1C-A43D-78907F46F15D}.Release|Mixed Platforms.ActiveCfg = Release|Any CPU
		{43158D31-CAA3-4E1C-A43D-78907F46F15D}.Release|Mixed Platforms.Build.0 = Release|Any CPU
		{43158D31-CAA3-4E1C-A43D-78907F46F15D}.Release|x64.ActiveCfg = Release|Any CPU
		{43158D31-CAA3-4E1C-A43D-78907F46F15D}.Release|x86.ActiveCfg = Release|Any CPU
		{53914E5F-CCE9-4FC0-8647-28B6E255E186}.Debug|Any CPU.ActiveCfg = Debug|Any CPU
		{53914E5F-CCE9-4FC0-8647-28B6E255E186}.Debug|Any CPU.Build.0 = Debug|Any CPU
		{53914E5F-CCE9-4FC0-8647-28B6E255E186}.Debug|Mixed Platforms.ActiveCfg = Debug|Any CPU
		{53914E5F-CCE9-4FC0-8647-28B6E255E186}.Debug|Mixed Platforms.Build.0 = Debug|Any CPU
		{53914E5F-CCE9-4FC0-8647-28B6E255E186}.Debug|x64.ActiveCfg = Debug|Any CPU
		{53914E5F-CCE9-4FC0-8647-28B6E255E186}.Debug|x86.ActiveCfg = Debug|Any CPU
		{53914E5F-CCE9-4FC0-8647-28B6E255E186}.Development|Any CPU.ActiveCfg = Debug|Any CPU
		{53914E5F-CCE9-4FC0-8647-28B6E255E186}.Development|Any CPU.Build.0 = Debug|Any CPU
		{53914E5F-CCE9-4FC0-8647-28B6E255E186}.Development|Mixed Platforms.ActiveCfg = Debug|Any CPU
		{53914E5F-CCE9-4FC0-8647-28B6E255E186}.Development|Mixed Platforms.Build.0 = Debug|Any CPU
		{53914E5F-CCE9-4FC0-8647-28B6E255E186}.Development|x64.ActiveCfg = Debug|Any CPU
		{53914E5F-CCE9-4FC0-8647-28B6E255E186}.Development|x86.ActiveCfg = Debug|Any CPU
		{53914E5F-CCE9-4FC0-8647-28B6E255E186}.Release|Any CPU.ActiveCfg = Release|Any CPU
		{53914E5F-CCE9-4FC0-8647-28B6E255E186}.Release|Any CPU.Build.0 = Release|Any CPU
		{53914E5F-CCE9-4FC0-8647-28B6E255E186}.Release|Mixed Platforms.ActiveCfg = Release|Any CPU
		{53914E5F-CCE9-4FC0-8647-28B6E255E186}.Release|Mixed Platforms.Build.0 = Release|Any CPU
		{53914E5F-CCE9-4FC0-8647-28B6E255E186}.Release|x64.ActiveCfg = Release|Any CPU
		{53914E5F-CCE9-4FC0-8647-28B6E255E186}.Release|x86.ActiveCfg = Release|Any CPU
		{3F0576F6-A1AA-432F-953A-15E4CD7F3647}.Debug|Any CPU.ActiveCfg = Debug|Any CPU
		{3F0576F6-A1AA-432F-953A-15E4CD7F3647}.Debug|Any CPU.Build.0 = Debug|Any CPU
		{3F0576F6-A1AA-432F-953A-15E4CD7F3647}.Debug|Mixed Platforms.ActiveCfg = Debug|Any CPU
		{3F0576F6-A1AA-432F-953A-15E4CD7F3647}.Debug|Mixed Platforms.Build.0 = Debug|Any CPU
		{3F0576F6-A1AA-432F-953A-15E4CD7F3647}.Debug|x64.ActiveCfg = Debug|Any CPU
		{3F0576F6-A1AA-432F-953A-15E4CD7F3647}.Debug|x86.ActiveCfg = Debug|Any CPU
		{3F0576F6-A1AA-432F-953A-15E4CD7F3647}.Development|Any CPU.ActiveCfg = Debug|Any CPU
		{3F0576F6-A1AA-432F-953A-15E4CD7F3647}.Development|Any CPU.Build.0 = Debug|Any CPU
		{3F0576F6-A1AA-432F-953A-15E4CD7F3647}.Development|Mixed Platforms.ActiveCfg = Debug|Any CPU
		{3F0576F6-A1AA-432F-953A-15E4CD7F3647}.Development|Mixed Platforms.Build.0 = Debug|Any CPU
		{3F0576F6-A1AA-432F-953A-15E4CD7F3647}.Development|x64.ActiveCfg = Debug|Any CPU
		{3F0576F6-A1AA-432F-953A-15E4CD7F3647}.Development|x86.ActiveCfg = Debug|Any CPU
		{3F0576F6-A1AA-432F-953A-15E4CD7F3647}.Release|Any CPU.ActiveCfg = Release|Any CPU
		{3F0576F6-A1AA-432F-953A-15E4CD7F3647}.Release|Any CPU.Build.0 = Release|Any CPU
		{3F0576F6-A1AA-432F-953A-15E4CD7F3647}.Release|Mixed Platforms.ActiveCfg = Release|Any CPU
		{3F0576F6-A1AA-432F-953A-15E4CD7F3647}.Release|Mixed Platforms.Build.0 = Release|Any CPU
		{3F0576F6-A1AA-432F-953A-15E4CD7F3647}.Release|x64.ActiveCfg = Release|Any CPU
		{3F0576F6-A1AA-432F-953A-15E4CD7F3647}.Release|x86.ActiveCfg = Release|Any CPU
		{FB9875D5-B765-4DBB-AB6E-C0C7672AE060}.Debug|Any CPU.ActiveCfg = Debug|Any CPU
		{FB9875D5-B765-4DBB-AB6E-C0C7672AE060}.Debug|Any CPU.Build.0 = Debug|Any CPU
		{FB9875D5-B765-4DBB-AB6E-C0C7672AE060}.Debug|Mixed Platforms.ActiveCfg = Debug|Any CPU
		{FB9875D5-B765-4DBB-AB6E-C0C7672AE060}.Debug|Mixed Platforms.Build.0 = Debug|Any CPU
		{FB9875D5-B765-4DBB-AB6E-C0C7672AE060}.Debug|x64.ActiveCfg = Debug|Any CPU
		{FB9875D5-B765-4DBB-AB6E-C0C7672AE060}.Debug|x86.ActiveCfg = Debug|Any CPU
		{FB9875D5-B765-4DBB-AB6E-C0C7672AE060}.Development|Any CPU.ActiveCfg = Debug|Any CPU
		{FB9875D5-B765-4DBB-AB6E-C0C7672AE060}.Development|Any CPU.Build.0 = Debug|Any CPU
		{FB9875D5-B765-4DBB-AB6E-C0C7672AE060}.Development|Mixed Platforms.ActiveCfg = Debug|Any CPU
		{FB9875D5-B765-4DBB-AB6E-C0C7672AE060}.Development|Mixed Platforms.Build.0 = Debug|Any CPU
		{FB9875D5-B765-4DBB-AB6E-C0C7672AE060}.Development|x64.ActiveCfg = Debug|Any CPU
		{FB9875D5-B765-4DBB-AB6E-C0C7672AE060}.Development|x86.ActiveCfg = Debug|Any CPU
		{FB9875D5-B765-4DBB-AB6E-C0C7672AE060}.Release|Any CPU.ActiveCfg = Release|Any CPU
		{FB9875D5-B765-4DBB-AB6E-C0C7672AE060}.Release|Any CPU.Build.0 = Release|Any CPU
		{FB9875D5-B765-4DBB-AB6E-C0C7672AE060}.Release|Mixed Platforms.ActiveCfg = Release|Any CPU
		{FB9875D5-B765-4DBB-AB6E-C0C7672AE060}.Release|Mixed Platforms.Build.0 = Release|Any CPU
		{FB9875D5-B765-4DBB-AB6E-C0C7672AE060}.Release|x64.ActiveCfg = Release|Any CPU
		{FB9875D5-B765-4DBB-AB6E-C0C7672AE060}.Release|x86.ActiveCfg = Release|Any CPU
		{01262AA3-7163-40DA-90F9-BC0B67CEFB34}.Debug|Any CPU.ActiveCfg = Debug|Any CPU
		{01262AA3-7163-40DA-90F9-BC0B67CEFB34}.Debug|Any CPU.Build.0 = Debug|Any CPU
		{01262AA3-7163-40DA-90F9-BC0B67CEFB34}.Debug|Mixed Platforms.ActiveCfg = Debug|Any CPU
		{01262AA3-7163-40DA-90F9-BC0B67CEFB34}.Debug|Mixed Platforms.Build.0 = Debug|Any CPU
		{01262AA3-7163-40DA-90F9-BC0B67CEFB34}.Debug|x64.ActiveCfg = Debug|Any CPU
		{01262AA3-7163-40DA-90F9-BC0B67CEFB34}.Debug|x86.ActiveCfg = Debug|Any CPU
		{01262AA3-7163-40DA-90F9-BC0B67CEFB34}.Development|Any CPU.ActiveCfg = Debug|Any CPU
		{01262AA3-7163-40DA-90F9-BC0B67CEFB34}.Development|Any CPU.Build.0 = Debug|Any CPU
		{01262AA3-7163-40DA-90F9-BC0B67CEFB34}.Development|Mixed Platforms.ActiveCfg = Debug|Any CPU
		{01262AA3-7163-40DA-90F9-BC0B67CEFB34}.Development|Mixed Platforms.Build.0 = Debug|Any CPU
		{01262AA3-7163-40DA-90F9-BC0B67CEFB34}.Development|x64.ActiveCfg = Debug|Any CPU
		{01262AA3-7163-40DA-90F9-BC0B67CEFB34}.Development|x86.ActiveCfg = Debug|Any CPU
		{01262AA3-7163-40DA-90F9-BC0B67CEFB34}.Release|Any CPU.ActiveCfg = Release|Any CPU
		{01262AA3-7163-40DA-90F9-BC0B67CEFB34}.Release|Any CPU.Build.0 = Release|Any CPU
		{01262AA3-7163-40DA-90F9-BC0B67CEFB34}.Release|Mixed Platforms.ActiveCfg = Release|Any CPU
		{01262AA3-7163-40DA-90F9-BC0B67CEFB34}.Release|Mixed Platforms.Build.0 = Release|Any CPU
		{01262AA3-7163-40DA-90F9-BC0B67CEFB34}.Release|x64.ActiveCfg = Release|Any CPU
		{01262AA3-7163-40DA-90F9-BC0B67CEFB34}.Release|x86.ActiveCfg = Release|Any CPU
		{10247F3C-C4AA-4041-B1F7-88B119E5C742}.Debug|Any CPU.ActiveCfg = Debug|Any CPU
		{10247F3C-C4AA-4041-B1F7-88B119E5C742}.Debug|Any CPU.Build.0 = Debug|Any CPU
		{10247F3C-C4AA-4041-B1F7-88B119E5C742}.Debug|Mixed Platforms.ActiveCfg = Debug|Any CPU
		{10247F3C-C4AA-4041-B1F7-88B119E5C742}.Debug|Mixed Platforms.Build.0 = Debug|Any CPU
		{10247F3C-C4AA-4041-B1F7-88B119E5C742}.Debug|x64.ActiveCfg = Debug|Any CPU
		{10247F3C-C4AA-4041-B1F7-88B119E5C742}.Debug|x86.ActiveCfg = Debug|Any CPU
		{10247F3C-C4AA-4041-B1F7-88B119E5C742}.Development|Any CPU.ActiveCfg = Debug|Any CPU
		{10247F3C-C4AA-4041-B1F7-88B119E5C742}.Development|Any CPU.Build.0 = Debug|Any CPU
		{10247F3C-C4AA-4041-B1F7-88B119E5C742}.Development|Mixed Platforms.ActiveCfg = Debug|Any CPU
		{10247F3C-C4AA-4041-B1F7-88B119E5C742}.Development|Mixed Platforms.Build.0 = Debug|Any CPU
		{10247F3C-C4AA-4041-B1F7-88B119E5C742}.Development|x64.ActiveCfg = Debug|Any CPU
		{10247F3C-C4AA-4041-B1F7-88B119E5C742}.Development|x86.ActiveCfg = Debug|Any CPU
		{10247F3C-C4AA-4041-B1F7-88B119E5C742}.Release|Any CPU.ActiveCfg = Release|Any CPU
		{10247F3C-C4AA-4041-B1F7-88B119E5C742}.Release|Any CPU.Build.0 = Release|Any CPU
		{10247F3C-C4AA-4041-B1F7-88B119E5C742}.Release|Mixed Platforms.ActiveCfg = Release|Any CPU
		{10247F3C-C4AA-4041-B1F7-88B119E5C742}.Release|Mixed Platforms.Build.0 = Release|Any CPU
		{10247F3C-C4AA-4041-B1F7-88B119E5C742}.Release|x64.ActiveCfg = Release|Any CPU
		{10247F3C-C4AA-4041-B1F7-88B119E5C742}.Release|x86.ActiveCfg = Release|Any CPU
		{07E5121B-6CDC-4752-8FB9-AFB6650C8C91}.Debug|Any CPU.ActiveCfg = Debug|Any CPU
		{07E5121B-6CDC-4752-8FB9-AFB6650C8C91}.Debug|Any CPU.Build.0 = Debug|Any CPU
		{07E5121B-6CDC-4752-8FB9-AFB6650C8C91}.Debug|Mixed Platforms.ActiveCfg = Debug|Any CPU
		{07E5121B-6CDC-4752-8FB9-AFB6650C8C91}.Debug|Mixed Platforms.Build.0 = Debug|Any CPU
		{07E5121B-6CDC-4752-8FB9-AFB6650C8C91}.Debug|x64.ActiveCfg = Debug|Any CPU
		{07E5121B-6CDC-4752-8FB9-AFB6650C8C91}.Debug|x86.ActiveCfg = Debug|Any CPU
		{07E5121B-6CDC-4752-8FB9-AFB6650C8C91}.Development|Any CPU.ActiveCfg = Debug|Any CPU
		{07E5121B-6CDC-4752-8FB9-AFB6650C8C91}.Development|Any CPU.Build.0 = Debug|Any CPU
		{07E5121B-6CDC-4752-8FB9-AFB6650C8C91}.Development|Mixed Platforms.ActiveCfg = Debug|Any CPU
		{07E5121B-6CDC-4752-8FB9-AFB6650C8C91}.Development|Mixed Platforms.Build.0 = Debug|Any CPU
		{07E5121B-6CDC-4752-8FB9-AFB6650C8C91}.Development|x64.ActiveCfg = Debug|Any CPU
		{07E5121B-6CDC-4752-8FB9-AFB6650C8C91}.Development|x86.ActiveCfg = Debug|Any CPU
		{07E5121B-6CDC-4752-8FB9-AFB6650C8C91}.Release|Any CPU.ActiveCfg = Release|Any CPU
		{07E5121B-6CDC-4752-8FB9-AFB6650C8C91}.Release|Any CPU.Build.0 = Release|Any CPU
		{07E5121B-6CDC-4752-8FB9-AFB6650C8C91}.Release|Mixed Platforms.ActiveCfg = Release|Any CPU
		{07E5121B-6CDC-4752-8FB9-AFB6650C8C91}.Release|Mixed Platforms.Build.0 = Release|Any CPU
		{07E5121B-6CDC-4752-8FB9-AFB6650C8C91}.Release|x64.ActiveCfg = Release|Any CPU
		{07E5121B-6CDC-4752-8FB9-AFB6650C8C91}.Release|x86.ActiveCfg = Release|Any CPU
		{C7580CC7-3590-43C6-B67E-DDDF9AE50FCD}.Debug|Any CPU.ActiveCfg = Debug|Any CPU
		{C7580CC7-3590-43C6-B67E-DDDF9AE50FCD}.Debug|Any CPU.Build.0 = Debug|Any CPU
		{C7580CC7-3590-43C6-B67E-DDDF9AE50FCD}.Debug|Mixed Platforms.ActiveCfg = Debug|Any CPU
		{C7580CC7-3590-43C6-B67E-DDDF9AE50FCD}.Debug|Mixed Platforms.Build.0 = Debug|Any CPU
		{C7580CC7-3590-43C6-B67E-DDDF9AE50FCD}.Debug|x64.ActiveCfg = Debug|Any CPU
		{C7580CC7-3590-43C6-B67E-DDDF9AE50FCD}.Debug|x86.ActiveCfg = Debug|Any CPU
		{C7580CC7-3590-43C6-B67E-DDDF9AE50FCD}.Development|Any CPU.ActiveCfg = Debug|Any CPU
		{C7580CC7-3590-43C6-B67E-DDDF9AE50FCD}.Development|Any CPU.Build.0 = Debug|Any CPU
		{C7580CC7-3590-43C6-B67E-DDDF9AE50FCD}.Development|Mixed Platforms.ActiveCfg = Debug|Any CPU
		{C7580CC7-3590-43C6-B67E-DDDF9AE50FCD}.Development|Mixed Platforms.Build.0 = Debug|Any CPU
		{C7580CC7-3590-43C6-B67E-DDDF9AE50FCD}.Development|x64.ActiveCfg = Debug|Any CPU
		{C7580CC7-3590-43C6-B67E-DDDF9AE50FCD}.Development|x86.ActiveCfg = Debug|Any CPU
		{C7580CC7-3590-43C6-B67E-DDDF9AE50FCD}.Release|Any CPU.ActiveCfg = Release|Any CPU
		{C7580CC7-3590-43C6-B67E-DDDF9AE50FCD}.Release|Any CPU.Build.0 = Release|Any CPU
		{C7580CC7-3590-43C6-B67E-DDDF9AE50FCD}.Release|Mixed Platforms.ActiveCfg = Release|Any CPU
		{C7580CC7-3590-43C6-B67E-DDDF9AE50FCD}.Release|Mixed Platforms.Build.0 = Release|Any CPU
		{C7580CC7-3590-43C6-B67E-DDDF9AE50FCD}.Release|x64.ActiveCfg = Release|Any CPU
		{C7580CC7-3590-43C6-B67E-DDDF9AE50FCD}.Release|x86.ActiveCfg = Release|Any CPU
		{126FB661-7B97-471D-A991-EFFA5A2E274D}.Debug|Any CPU.ActiveCfg = Debug|Any CPU
		{126FB661-7B97-471D-A991-EFFA5A2E274D}.Debug|Any CPU.Build.0 = Debug|Any CPU
		{126FB661-7B97-471D-A991-EFFA5A2E274D}.Debug|Mixed Platforms.ActiveCfg = Debug|Any CPU
		{126FB661-7B97-471D-A991-EFFA5A2E274D}.Debug|Mixed Platforms.Build.0 = Debug|Any CPU
		{126FB661-7B97-471D-A991-EFFA5A2E274D}.Debug|x64.ActiveCfg = Debug|Any CPU
		{126FB661-7B97-471D-A991-EFFA5A2E274D}.Debug|x86.ActiveCfg = Debug|Any CPU
		{126FB661-7B97-471D-A991-EFFA5A2E274D}.Development|Any CPU.ActiveCfg = Debug|Any CPU
		{126FB661-7B97-471D-A991-EFFA5A2E274D}.Development|Mixed Platforms.ActiveCfg = Debug|Any CPU
		{126FB661-7B97-471D-A991-EFFA5A2E274D}.Development|Mixed Platforms.Build.0 = Debug|Any CPU
		{126FB661-7B97-471D-A991-EFFA5A2E274D}.Development|x64.ActiveCfg = Debug|Any CPU
		{126FB661-7B97-471D-A991-EFFA5A2E274D}.Development|x86.ActiveCfg = Debug|Any CPU
		{126FB661-7B97-471D-A991-EFFA5A2E274D}.Release|Any CPU.ActiveCfg = Release|Any CPU
		{126FB661-7B97-471D-A991-EFFA5A2E274D}.Release|Any CPU.Build.0 = Release|Any CPU
		{126FB661-7B97-471D-A991-EFFA5A2E274D}.Release|Mixed Platforms.ActiveCfg = Release|Any CPU
		{126FB661-7B97-471D-A991-EFFA5A2E274D}.Release|Mixed Platforms.Build.0 = Release|Any CPU
		{126FB661-7B97-471D-A991-EFFA5A2E274D}.Release|x64.ActiveCfg = Release|Any CPU
		{126FB661-7B97-471D-A991-EFFA5A2E274D}.Release|x86.ActiveCfg = Release|Any CPU
		{A19F707C-B1C3-45C7-AE38-E7B7F30C1161}.Debug|Any CPU.ActiveCfg = Debug|Any CPU
		{A19F707C-B1C3-45C7-AE38-E7B7F30C1161}.Debug|Any CPU.Build.0 = Debug|Any CPU
		{A19F707C-B1C3-45C7-AE38-E7B7F30C1161}.Debug|Mixed Platforms.ActiveCfg = Debug|Any CPU
		{A19F707C-B1C3-45C7-AE38-E7B7F30C1161}.Debug|Mixed Platforms.Build.0 = Debug|Any CPU
		{A19F707C-B1C3-45C7-AE38-E7B7F30C1161}.Debug|x64.ActiveCfg = Debug|Any CPU
		{A19F707C-B1C3-45C7-AE38-E7B7F30C1161}.Debug|x86.ActiveCfg = Debug|Any CPU
		{A19F707C-B1C3-45C7-AE38-E7B7F30C1161}.Development|Any CPU.ActiveCfg = Debug|Any CPU
		{A19F707C-B1C3-45C7-AE38-E7B7F30C1161}.Development|Any CPU.Build.0 = Debug|Any CPU
		{A19F707C-B1C3-45C7-AE38-E7B7F30C1161}.Development|Mixed Platforms.ActiveCfg = Debug|Any CPU
		{A19F707C-B1C3-45C7-AE38-E7B7F30C1161}.Development|Mixed Platforms.Build.0 = Debug|Any CPU
		{A19F707C-B1C3-45C7-AE38-E7B7F30C1161}.Development|x64.ActiveCfg = Debug|Any CPU
		{A19F707C-B1C3-45C7-AE38-E7B7F30C1161}.Development|x86.ActiveCfg = Debug|Any CPU
		{A19F707C-B1C3-45C7-AE38-E7B7F30C1161}.Release|Any CPU.ActiveCfg = Release|Any CPU
		{A19F707C-B1C3-45C7-AE38-E7B7F30C1161}.Release|Any CPU.Build.0 = Release|Any CPU
		{A19F707C-B1C3-45C7-AE38-E7B7F30C1161}.Release|Mixed Platforms.ActiveCfg = Release|Any CPU
		{A19F707C-B1C3-45C7-AE38-E7B7F30C1161}.Release|Mixed Platforms.Build.0 = Release|Any CPU
		{A19F707C-B1C3-45C7-AE38-E7B7F30C1161}.Release|x64.ActiveCfg = Release|Any CPU
		{A19F707C-B1C3-45C7-AE38-E7B7F30C1161}.Release|x86.ActiveCfg = Release|Any CPU
		{EAFB31F9-5C6C-4661-9068-4D13AD33EABE}.Debug|Any CPU.ActiveCfg = Debug|Any CPU
		{EAFB31F9-5C6C-4661-9068-4D13AD33EABE}.Debug|Any CPU.Build.0 = Debug|Any CPU
		{EAFB31F9-5C6C-4661-9068-4D13AD33EABE}.Debug|Mixed Platforms.ActiveCfg = Debug|Any CPU
		{EAFB31F9-5C6C-4661-9068-4D13AD33EABE}.Debug|Mixed Platforms.Build.0 = Debug|Any CPU
		{EAFB31F9-5C6C-4661-9068-4D13AD33EABE}.Debug|x64.ActiveCfg = Debug|Any CPU
		{EAFB31F9-5C6C-4661-9068-4D13AD33EABE}.Debug|x86.ActiveCfg = Debug|Any CPU
		{EAFB31F9-5C6C-4661-9068-4D13AD33EABE}.Development|Any CPU.ActiveCfg = Debug|Any CPU
		{EAFB31F9-5C6C-4661-9068-4D13AD33EABE}.Development|Any CPU.Build.0 = Debug|Any CPU
		{EAFB31F9-5C6C-4661-9068-4D13AD33EABE}.Development|Mixed Platforms.ActiveCfg = Debug|Any CPU
		{EAFB31F9-5C6C-4661-9068-4D13AD33EABE}.Development|Mixed Platforms.Build.0 = Debug|Any CPU
		{EAFB31F9-5C6C-4661-9068-4D13AD33EABE}.Development|x64.ActiveCfg = Debug|Any CPU
		{EAFB31F9-5C6C-4661-9068-4D13AD33EABE}.Development|x86.ActiveCfg = Debug|Any CPU
		{EAFB31F9-5C6C-4661-9068-4D13AD33EABE}.Release|Any CPU.ActiveCfg = Release|Any CPU
		{EAFB31F9-5C6C-4661-9068-4D13AD33EABE}.Release|Any CPU.Build.0 = Release|Any CPU
		{EAFB31F9-5C6C-4661-9068-4D13AD33EABE}.Release|Mixed Platforms.ActiveCfg = Release|Any CPU
		{EAFB31F9-5C6C-4661-9068-4D13AD33EABE}.Release|Mixed Platforms.Build.0 = Release|Any CPU
		{EAFB31F9-5C6C-4661-9068-4D13AD33EABE}.Release|x64.ActiveCfg = Release|Any CPU
		{EAFB31F9-5C6C-4661-9068-4D13AD33EABE}.Release|x86.ActiveCfg = Release|Any CPU
		{F48F73F2-F26E-4F08-9027-5A95E8A2E630}.Debug|Any CPU.ActiveCfg = Debug|Any CPU
		{F48F73F2-F26E-4F08-9027-5A95E8A2E630}.Debug|Any CPU.Build.0 = Debug|Any CPU
		{F48F73F2-F26E-4F08-9027-5A95E8A2E630}.Debug|Mixed Platforms.ActiveCfg = Debug|Any CPU
		{F48F73F2-F26E-4F08-9027-5A95E8A2E630}.Debug|Mixed Platforms.Build.0 = Debug|Any CPU
		{F48F73F2-F26E-4F08-9027-5A95E8A2E630}.Debug|x64.ActiveCfg = Debug|Any CPU
		{F48F73F2-F26E-4F08-9027-5A95E8A2E630}.Debug|x86.ActiveCfg = Debug|Any CPU
		{F48F73F2-F26E-4F08-9027-5A95E8A2E630}.Development|Any CPU.ActiveCfg = Debug|Any CPU
		{F48F73F2-F26E-4F08-9027-5A95E8A2E630}.Development|Any CPU.Build.0 = Debug|Any CPU
		{F48F73F2-F26E-4F08-9027-5A95E8A2E630}.Development|Mixed Platforms.ActiveCfg = Debug|Any CPU
		{F48F73F2-F26E-4F08-9027-5A95E8A2E630}.Development|Mixed Platforms.Build.0 = Debug|Any CPU
		{F48F73F2-F26E-4F08-9027-5A95E8A2E630}.Development|x64.ActiveCfg = Debug|Any CPU
		{F48F73F2-F26E-4F08-9027-5A95E8A2E630}.Development|x86.ActiveCfg = Debug|Any CPU
		{F48F73F2-F26E-4F08-9027-5A95E8A2E630}.Release|Any CPU.ActiveCfg = Release|Any CPU
		{F48F73F2-F26E-4F08-9027-5A95E8A2E630}.Release|Any CPU.Build.0 = Release|Any CPU
		{F48F73F2-F26E-4F08-9027-5A95E8A2E630}.Release|Mixed Platforms.ActiveCfg = Release|Any CPU
		{F48F73F2-F26E-4F08-9027-5A95E8A2E630}.Release|Mixed Platforms.Build.0 = Release|Any CPU
		{F48F73F2-F26E-4F08-9027-5A95E8A2E630}.Release|x64.ActiveCfg = Release|Any CPU
		{F48F73F2-F26E-4F08-9027-5A95E8A2E630}.Release|x86.ActiveCfg = Release|Any CPU
		{229D9C6D-CE80-4D22-A070-93191DEF62AE}.Debug|Any CPU.ActiveCfg = Debug|Any CPU
		{229D9C6D-CE80-4D22-A070-93191DEF62AE}.Debug|Any CPU.Build.0 = Debug|Any CPU
		{229D9C6D-CE80-4D22-A070-93191DEF62AE}.Debug|Mixed Platforms.ActiveCfg = Debug|Any CPU
		{229D9C6D-CE80-4D22-A070-93191DEF62AE}.Debug|Mixed Platforms.Build.0 = Debug|Any CPU
		{229D9C6D-CE80-4D22-A070-93191DEF62AE}.Debug|x64.ActiveCfg = Debug|Any CPU
		{229D9C6D-CE80-4D22-A070-93191DEF62AE}.Debug|x86.ActiveCfg = Debug|Any CPU
		{229D9C6D-CE80-4D22-A070-93191DEF62AE}.Development|Any CPU.ActiveCfg = Debug|Any CPU
		{229D9C6D-CE80-4D22-A070-93191DEF62AE}.Development|Any CPU.Build.0 = Debug|Any CPU
		{229D9C6D-CE80-4D22-A070-93191DEF62AE}.Development|Mixed Platforms.ActiveCfg = Debug|Any CPU
		{229D9C6D-CE80-4D22-A070-93191DEF62AE}.Development|Mixed Platforms.Build.0 = Debug|Any CPU
		{229D9C6D-CE80-4D22-A070-93191DEF62AE}.Development|x64.ActiveCfg = Debug|Any CPU
		{229D9C6D-CE80-4D22-A070-93191DEF62AE}.Development|x86.ActiveCfg = Debug|Any CPU
		{229D9C6D-CE80-4D22-A070-93191DEF62AE}.Release|Any CPU.ActiveCfg = Release|Any CPU
		{229D9C6D-CE80-4D22-A070-93191DEF62AE}.Release|Any CPU.Build.0 = Release|Any CPU
		{229D9C6D-CE80-4D22-A070-93191DEF62AE}.Release|Mixed Platforms.ActiveCfg = Release|Any CPU
		{229D9C6D-CE80-4D22-A070-93191DEF62AE}.Release|Mixed Platforms.Build.0 = Release|Any CPU
		{229D9C6D-CE80-4D22-A070-93191DEF62AE}.Release|x64.ActiveCfg = Release|Any CPU
		{229D9C6D-CE80-4D22-A070-93191DEF62AE}.Release|x86.ActiveCfg = Release|Any CPU
		{BE138F10-83FD-4E9E-B77F-037CCA23D5B7}.Debug|Any CPU.ActiveCfg = Debug|Any CPU
		{BE138F10-83FD-4E9E-B77F-037CCA23D5B7}.Debug|Any CPU.Build.0 = Debug|Any CPU
		{BE138F10-83FD-4E9E-B77F-037CCA23D5B7}.Debug|Mixed Platforms.ActiveCfg = Debug|Any CPU
		{BE138F10-83FD-4E9E-B77F-037CCA23D5B7}.Debug|Mixed Platforms.Build.0 = Debug|Any CPU
		{BE138F10-83FD-4E9E-B77F-037CCA23D5B7}.Debug|x64.ActiveCfg = Debug|Any CPU
		{BE138F10-83FD-4E9E-B77F-037CCA23D5B7}.Debug|x86.ActiveCfg = Debug|Any CPU
		{BE138F10-83FD-4E9E-B77F-037CCA23D5B7}.Development|Any CPU.ActiveCfg = Debug|Any CPU
		{BE138F10-83FD-4E9E-B77F-037CCA23D5B7}.Development|Any CPU.Build.0 = Debug|Any CPU
		{BE138F10-83FD-4E9E-B77F-037CCA23D5B7}.Development|Mixed Platforms.ActiveCfg = Debug|Any CPU
		{BE138F10-83FD-4E9E-B77F-037CCA23D5B7}.Development|Mixed Platforms.Build.0 = Debug|Any CPU
		{BE138F10-83FD-4E9E-B77F-037CCA23D5B7}.Development|x64.ActiveCfg = Debug|Any CPU
		{BE138F10-83FD-4E9E-B77F-037CCA23D5B7}.Development|x86.ActiveCfg = Debug|Any CPU
		{BE138F10-83FD-4E9E-B77F-037CCA23D5B7}.Release|Any CPU.ActiveCfg = Release|Any CPU
		{BE138F10-83FD-4E9E-B77F-037CCA23D5B7}.Release|Any CPU.Build.0 = Release|Any CPU
		{BE138F10-83FD-4E9E-B77F-037CCA23D5B7}.Release|Mixed Platforms.ActiveCfg = Release|Any CPU
		{BE138F10-83FD-4E9E-B77F-037CCA23D5B7}.Release|Mixed Platforms.Build.0 = Release|Any CPU
		{BE138F10-83FD-4E9E-B77F-037CCA23D5B7}.Release|x64.ActiveCfg = Release|Any CPU
		{BE138F10-83FD-4E9E-B77F-037CCA23D5B7}.Release|x86.ActiveCfg = Release|Any CPU
		{DCCA8F3A-C617-4609-AE2E-39795177ED10}.Debug|Any CPU.ActiveCfg = Debug|Any CPU
		{DCCA8F3A-C617-4609-AE2E-39795177ED10}.Debug|Any CPU.Build.0 = Debug|Any CPU
		{DCCA8F3A-C617-4609-AE2E-39795177ED10}.Debug|Mixed Platforms.ActiveCfg = Debug|Any CPU
		{DCCA8F3A-C617-4609-AE2E-39795177ED10}.Debug|Mixed Platforms.Build.0 = Debug|Any CPU
		{DCCA8F3A-C617-4609-AE2E-39795177ED10}.Debug|x64.ActiveCfg = Debug|Any CPU
		{DCCA8F3A-C617-4609-AE2E-39795177ED10}.Debug|x86.ActiveCfg = Debug|Any CPU
		{DCCA8F3A-C617-4609-AE2E-39795177ED10}.Development|Any CPU.ActiveCfg = Debug|Any CPU
		{DCCA8F3A-C617-4609-AE2E-39795177ED10}.Development|Any CPU.Build.0 = Debug|Any CPU
		{DCCA8F3A-C617-4609-AE2E-39795177ED10}.Development|Mixed Platforms.ActiveCfg = Debug|Any CPU
		{DCCA8F3A-C617-4609-AE2E-39795177ED10}.Development|Mixed Platforms.Build.0 = Debug|Any CPU
		{DCCA8F3A-C617-4609-AE2E-39795177ED10}.Development|x64.ActiveCfg = Debug|Any CPU
		{DCCA8F3A-C617-4609-AE2E-39795177ED10}.Development|x86.ActiveCfg = Debug|Any CPU
		{DCCA8F3A-C617-4609-AE2E-39795177ED10}.Release|Any CPU.ActiveCfg = Release|Any CPU
		{DCCA8F3A-C617-4609-AE2E-39795177ED10}.Release|Any CPU.Build.0 = Release|Any CPU
		{DCCA8F3A-C617-4609-AE2E-39795177ED10}.Release|Mixed Platforms.ActiveCfg = Release|Any CPU
		{DCCA8F3A-C617-4609-AE2E-39795177ED10}.Release|Mixed Platforms.Build.0 = Release|Any CPU
		{DCCA8F3A-C617-4609-AE2E-39795177ED10}.Release|x64.ActiveCfg = Release|Any CPU
		{DCCA8F3A-C617-4609-AE2E-39795177ED10}.Release|x86.ActiveCfg = Release|Any CPU
		{0C18D047-E725-46E1-8C9B-522D4A807FFF}.Debug|Any CPU.ActiveCfg = Debug|Any CPU
		{0C18D047-E725-46E1-8C9B-522D4A807FFF}.Debug|Any CPU.Build.0 = Debug|Any CPU
		{0C18D047-E725-46E1-8C9B-522D4A807FFF}.Debug|Mixed Platforms.ActiveCfg = Debug|Any CPU
		{0C18D047-E725-46E1-8C9B-522D4A807FFF}.Debug|Mixed Platforms.Build.0 = Debug|Any CPU
		{0C18D047-E725-46E1-8C9B-522D4A807FFF}.Debug|x64.ActiveCfg = Debug|Any CPU
		{0C18D047-E725-46E1-8C9B-522D4A807FFF}.Debug|x86.ActiveCfg = Debug|Any CPU
		{0C18D047-E725-46E1-8C9B-522D4A807FFF}.Development|Any CPU.ActiveCfg = Debug|Any CPU
		{0C18D047-E725-46E1-8C9B-522D4A807FFF}.Development|Any CPU.Build.0 = Debug|Any CPU
		{0C18D047-E725-46E1-8C9B-522D4A807FFF}.Development|Mixed Platforms.ActiveCfg = Debug|Any CPU
		{0C18D047-E725-46E1-8C9B-522D4A807FFF}.Development|Mixed Platforms.Build.0 = Debug|Any CPU
		{0C18D047-E725-46E1-8C9B-522D4A807FFF}.Development|x64.ActiveCfg = Debug|Any CPU
		{0C18D047-E725-46E1-8C9B-522D4A807FFF}.Development|x86.ActiveCfg = Debug|Any CPU
		{0C18D047-E725-46E1-8C9B-522D4A807FFF}.Release|Any CPU.ActiveCfg = Release|Any CPU
		{0C18D047-E725-46E1-8C9B-522D4A807FFF}.Release|Any CPU.Build.0 = Release|Any CPU
		{0C18D047-E725-46E1-8C9B-522D4A807FFF}.Release|Mixed Platforms.ActiveCfg = Release|Any CPU
		{0C18D047-E725-46E1-8C9B-522D4A807FFF}.Release|Mixed Platforms.Build.0 = Release|Any CPU
		{0C18D047-E725-46E1-8C9B-522D4A807FFF}.Release|x64.ActiveCfg = Release|Any CPU
		{0C18D047-E725-46E1-8C9B-522D4A807FFF}.Release|x86.ActiveCfg = Release|Any CPU
		{239FC65A-EA56-4030-BBAA-97BE9B080753}.Debug|Any CPU.ActiveCfg = Debug|Any CPU
		{239FC65A-EA56-4030-BBAA-97BE9B080753}.Debug|Any CPU.Build.0 = Debug|Any CPU
		{239FC65A-EA56-4030-BBAA-97BE9B080753}.Debug|Mixed Platforms.ActiveCfg = Debug|Any CPU
		{239FC65A-EA56-4030-BBAA-97BE9B080753}.Debug|Mixed Platforms.Build.0 = Debug|Any CPU
		{239FC65A-EA56-4030-BBAA-97BE9B080753}.Debug|x64.ActiveCfg = Debug|Any CPU
		{239FC65A-EA56-4030-BBAA-97BE9B080753}.Debug|x86.ActiveCfg = Debug|Any CPU
		{239FC65A-EA56-4030-BBAA-97BE9B080753}.Development|Any CPU.ActiveCfg = Debug|Any CPU
		{239FC65A-EA56-4030-BBAA-97BE9B080753}.Development|Any CPU.Build.0 = Debug|Any CPU
		{239FC65A-EA56-4030-BBAA-97BE9B080753}.Development|Mixed Platforms.ActiveCfg = Debug|Any CPU
		{239FC65A-EA56-4030-BBAA-97BE9B080753}.Development|Mixed Platforms.Build.0 = Debug|Any CPU
		{239FC65A-EA56-4030-BBAA-97BE9B080753}.Development|x64.ActiveCfg = Debug|Any CPU
		{239FC65A-EA56-4030-BBAA-97BE9B080753}.Development|x86.ActiveCfg = Debug|Any CPU
		{239FC65A-EA56-4030-BBAA-97BE9B080753}.Release|Any CPU.ActiveCfg = Release|Any CPU
		{239FC65A-EA56-4030-BBAA-97BE9B080753}.Release|Any CPU.Build.0 = Release|Any CPU
		{239FC65A-EA56-4030-BBAA-97BE9B080753}.Release|Mixed Platforms.ActiveCfg = Release|Any CPU
		{239FC65A-EA56-4030-BBAA-97BE9B080753}.Release|Mixed Platforms.Build.0 = Release|Any CPU
		{239FC65A-EA56-4030-BBAA-97BE9B080753}.Release|x64.ActiveCfg = Release|Any CPU
		{239FC65A-EA56-4030-BBAA-97BE9B080753}.Release|x86.ActiveCfg = Release|Any CPU
		{7558CCA6-164B-4520-B926-CADDDC3700EA}.Debug|Any CPU.ActiveCfg = Debug|Any CPU
		{7558CCA6-164B-4520-B926-CADDDC3700EA}.Debug|Any CPU.Build.0 = Debug|Any CPU
		{7558CCA6-164B-4520-B926-CADDDC3700EA}.Debug|Mixed Platforms.ActiveCfg = Debug|Any CPU
		{7558CCA6-164B-4520-B926-CADDDC3700EA}.Debug|Mixed Platforms.Build.0 = Debug|Any CPU
		{7558CCA6-164B-4520-B926-CADDDC3700EA}.Debug|x64.ActiveCfg = Debug|x64
		{7558CCA6-164B-4520-B926-CADDDC3700EA}.Debug|x64.Build.0 = Debug|x64
		{7558CCA6-164B-4520-B926-CADDDC3700EA}.Debug|x86.ActiveCfg = Debug|x86
		{7558CCA6-164B-4520-B926-CADDDC3700EA}.Debug|x86.Build.0 = Debug|x86
		{7558CCA6-164B-4520-B926-CADDDC3700EA}.Development|Any CPU.ActiveCfg = Debug|x64
		{7558CCA6-164B-4520-B926-CADDDC3700EA}.Development|Mixed Platforms.ActiveCfg = Debug|x64
		{7558CCA6-164B-4520-B926-CADDDC3700EA}.Development|Mixed Platforms.Build.0 = Debug|x64
		{7558CCA6-164B-4520-B926-CADDDC3700EA}.Development|x64.ActiveCfg = Debug|x64
		{7558CCA6-164B-4520-B926-CADDDC3700EA}.Development|x64.Build.0 = Debug|x64
		{7558CCA6-164B-4520-B926-CADDDC3700EA}.Development|x86.ActiveCfg = Debug|x64
		{7558CCA6-164B-4520-B926-CADDDC3700EA}.Release|Any CPU.ActiveCfg = Release|Any CPU
		{7558CCA6-164B-4520-B926-CADDDC3700EA}.Release|Any CPU.Build.0 = Release|Any CPU
		{7558CCA6-164B-4520-B926-CADDDC3700EA}.Release|Mixed Platforms.ActiveCfg = Release|x64
		{7558CCA6-164B-4520-B926-CADDDC3700EA}.Release|Mixed Platforms.Build.0 = Release|x64
		{7558CCA6-164B-4520-B926-CADDDC3700EA}.Release|x64.ActiveCfg = Release|x64
		{7558CCA6-164B-4520-B926-CADDDC3700EA}.Release|x64.Build.0 = Release|x64
		{7558CCA6-164B-4520-B926-CADDDC3700EA}.Release|x86.ActiveCfg = Release|x86
		{7558CCA6-164B-4520-B926-CADDDC3700EA}.Release|x86.Build.0 = Release|x86
	EndGlobalSection
	GlobalSection(SolutionProperties) = preSolution
		HideSolutionNode = FALSE
	EndGlobalSection
	GlobalSection(NestedProjects) = preSolution
		{C806642B-52D0-44DA-A99F-9F8B53EC874A} = {875EF569-4684-473D-A2D4-A35B20B4A07C}
		{CDA65354-ACB5-42DD-9FD2-65058D2B4886} = {875EF569-4684-473D-A2D4-A35B20B4A07C}
		{D3130F5E-1758-4459-A418-F84507594771} = {875EF569-4684-473D-A2D4-A35B20B4A07C}
		{03B9D157-A3A3-4264-B8C0-AF5DA750D779} = {875EF569-4684-473D-A2D4-A35B20B4A07C}
		{38BCA11F-5E29-4FC3-A100-7005D20FBF42} = {875EF569-4684-473D-A2D4-A35B20B4A07C}
		{370531F6-AA7F-4794-92CD-0CD66A22B89A} = {875EF569-4684-473D-A2D4-A35B20B4A07C}
		{410FB9AD-DB1D-4AA6-BD3C-3CF5EBF0E71E} = {875EF569-4684-473D-A2D4-A35B20B4A07C}
		{BB4EFB13-9E71-4CD8-8618-7F7966033EA8} = {875EF569-4684-473D-A2D4-A35B20B4A07C}
		{CF2573DE-00E9-4F95-9A23-E7578D11A34A} = {875EF569-4684-473D-A2D4-A35B20B4A07C}
		{43158D31-CAA3-4E1C-A43D-78907F46F15D} = {875EF569-4684-473D-A2D4-A35B20B4A07C}
		{53914E5F-CCE9-4FC0-8647-28B6E255E186} = {875EF569-4684-473D-A2D4-A35B20B4A07C}
		{3F0576F6-A1AA-432F-953A-15E4CD7F3647} = {875EF569-4684-473D-A2D4-A35B20B4A07C}
		{FB9875D5-B765-4DBB-AB6E-C0C7672AE060} = {875EF569-4684-473D-A2D4-A35B20B4A07C}
		{01262AA3-7163-40DA-90F9-BC0B67CEFB34} = {875EF569-4684-473D-A2D4-A35B20B4A07C}
		{10247F3C-C4AA-4041-B1F7-88B119E5C742} = {875EF569-4684-473D-A2D4-A35B20B4A07C}
		{F48F73F2-F26E-4F08-9027-5A95E8A2E630} = {875EF569-4684-473D-A2D4-A35B20B4A07C}
		{239FC65A-EA56-4030-BBAA-97BE9B080753} = {875EF569-4684-473D-A2D4-A35B20B4A07C}
		{7558CCA6-164B-4520-B926-CADDDC3700EA} = {875EF569-4684-473D-A2D4-A35B20B4A07C}
		{B33E5A6E-4EBC-4192-8B2E-D7E43E8A7820} = {2997D17C-A736-43E5-B3DD-11D11AC7DF17}
		{786E6165-CA02-45A9-BF58-207A45D7D6DF} = {2997D17C-A736-43E5-B3DD-11D11AC7DF17}
		{1FC5FCC7-C637-4EA3-A98A-23637E6F5ACF} = {2997D17C-A736-43E5-B3DD-11D11AC7DF17}
		{5DB4DDBA-81F6-4D81-943A-18F3178B3355} = {2997D17C-A736-43E5-B3DD-11D11AC7DF17}
		{B72529C8-FEB1-49F5-B08B-56055B58F296} = {2997D17C-A736-43E5-B3DD-11D11AC7DF17}
		{71BBF82C-84D2-409F-8BC0-A9F401B016FB} = {2997D17C-A736-43E5-B3DD-11D11AC7DF17}
		{1C62D342-FCFB-4402-90FE-9BCD24406A82} = {2997D17C-A736-43E5-B3DD-11D11AC7DF17}
		{126FB661-7B97-471D-A991-EFFA5A2E274D} = {2997D17C-A736-43E5-B3DD-11D11AC7DF17}
		{A19F707C-B1C3-45C7-AE38-E7B7F30C1161} = {2997D17C-A736-43E5-B3DD-11D11AC7DF17}
		{EAFB31F9-5C6C-4661-9068-4D13AD33EABE} = {2997D17C-A736-43E5-B3DD-11D11AC7DF17}
		{229D9C6D-CE80-4D22-A070-93191DEF62AE} = {2997D17C-A736-43E5-B3DD-11D11AC7DF17}
		{BE138F10-83FD-4E9E-B77F-037CCA23D5B7} = {2997D17C-A736-43E5-B3DD-11D11AC7DF17}
		{DCCA8F3A-C617-4609-AE2E-39795177ED10} = {2997D17C-A736-43E5-B3DD-11D11AC7DF17}
		{0C18D047-E725-46E1-8C9B-522D4A807FFF} = {2997D17C-A736-43E5-B3DD-11D11AC7DF17}
	EndGlobalSection
EndGlobal
